
Microsoft Visual Studio Solution File, Format Version 12.00
# Visual Studio Version 17
VisualStudioVersion = 17.8.34316.72
MinimumVisualStudioVersion = 10.0.40219.1
Project("{8BC9CEB8-8B4A-11D0-8D11-00A0C91BC942}") = "lab1.3", "lab1.3\lab1.3.vcxproj", "{6A9D11E3-BD8D-479D-9CA4-A5CF8461BD1B}"
EndProject
Project("{8BC9CEB8-8B4A-11D0-8D11-00A0C91BC942}") = "UnitTest1", "UnitTest1\UnitTest1.vcxproj", "{BD131301-CF50-4A91-830A-436D196DDCFD}"
EndProject
Global
	GlobalSection(SolutionConfigurationPlatforms) = preSolution
		Debug|x64 = Debug|x64
		Debug|x86 = Debug|x86
		Release|x64 = Release|x64
		Release|x86 = Release|x86
	EndGlobalSection
	GlobalSection(ProjectConfigurationPlatforms) = postSolution
		{6A9D11E3-BD8D-479D-9CA4-A5CF8461BD1B}.Debug|x64.ActiveCfg = Debug|x64
		{6A9D11E3-BD8D-479D-9CA4-A5CF8461BD1B}.Debug|x64.Build.0 = Debug|x64
		{6A9D11E3-BD8D-479D-9CA4-A5CF8461BD1B}.Debug|x86.ActiveCfg = Debug|Win32
		{6A9D11E3-BD8D-479D-9CA4-A5CF8461BD1B}.Debug|x86.Build.0 = Debug|Win32
		{6A9D11E3-BD8D-479D-9CA4-A5CF8461BD1B}.Release|x64.ActiveCfg = Release|x64
		{6A9D11E3-BD8D-479D-9CA4-A5CF8461BD1B}.Release|x64.Build.0 = Release|x64
		{6A9D11E3-BD8D-479D-9CA4-A5CF8461BD1B}.Release|x86.ActiveCfg = Release|Win32
		{6A9D11E3-BD8D-479D-9CA4-A5CF8461BD1B}.Release|x86.Build.0 = Release|Win32
		{BD131301-CF50-4A91-830A-436D196DDCFD}.Debug|x64.ActiveCfg = Debug|x64
		{BD131301-CF50-4A91-830A-436D196DDCFD}.Debug|x64.Build.0 = Debug|x64
		{BD131301-CF50-4A91-830A-436D196DDCFD}.Debug|x86.ActiveCfg = Debug|Win32
		{BD131301-CF50-4A91-830A-436D196DDCFD}.Debug|x86.Build.0 = Debug|Win32
		{BD131301-CF50-4A91-830A-436D196DDCFD}.Release|x64.ActiveCfg = Release|x64
		{BD131301-CF50-4A91-830A-436D196DDCFD}.Release|x64.Build.0 = Release|x64
		{BD131301-CF50-4A91-830A-436D196DDCFD}.Release|x86.ActiveCfg = Release|Win32
		{BD131301-CF50-4A91-830A-436D196DDCFD}.Release|x86.Build.0 = Release|Win32
	EndGlobalSection
	GlobalSection(SolutionProperties) = preSolution
		HideSolutionNode = FALSE
	EndGlobalSection
	GlobalSection(ExtensibilityGlobals) = postSolution
		SolutionGuid = {771FBD77-B32A-4FA1-9115-11C82B9918A9}
	EndGlobalSection
EndGlobal
